{
  "name": "jquery-todo",
  "version": "1.0.0",
  "lockfileVersion": 1,
  "requires": true,
  "dependencies": {
    "store.js": {
      "version": "1.0.4",
      "resolved": "https://registry.npmjs.org/store.js/-/store.js-1.0.4.tgz",
      "integrity": "sha1-vmne8H2Y4blL5Bc38H+xNfsG+C8="
    }
  }
}
